
Microsoft Visual Studio Solution File, Format Version 11.00
# Visual Studio 2010
Project("{FAE04EC0-301F-11D3-BF4B-00C04F79EFBC}") = "Fishing2", "Assembly-CSharp.csproj", "{2291BA31-AD6A-5906-5410-D4ECA2876F79}"
EndProject
Project("{FAE04EC0-301F-11D3-BF4B-00C04F79EFBC}") = "Fishing2", "Assembly-CSharp-Editor.csproj", "{C7FA5572-2F99-B103-FDE4-22AF7DCBEC19}"
EndProject
Global
	GlobalSection(SolutionConfigurationPlatforms) = preSolution
		Debug|Any CPU = Debug|Any CPU
		Release|Any CPU = Release|Any CPU
	EndGlobalSection
	GlobalSection(ProjectConfigurationPlatforms) = postSolution
		{2291BA31-AD6A-5906-5410-D4ECA2876F79}.Debug|Any CPU.ActiveCfg = Debug|Any CPU
		{2291BA31-AD6A-5906-5410-D4ECA2876F79}.Debug|Any CPU.Build.0 = Debug|Any CPU
		{2291BA31-AD6A-5906-5410-D4ECA2876F79}.Release|Any CPU.ActiveCfg = Release|Any CPU
		{2291BA31-AD6A-5906-5410-D4ECA2876F79}.Release|Any CPU.Build.0 = Release|Any CPU
		{C7FA5572-2F99-B103-FDE4-22AF7DCBEC19}.Debug|Any CPU.ActiveCfg = Debug|Any CPU
		{C7FA5572-2F99-B103-FDE4-22AF7DCBEC19}.Debug|Any CPU.Build.0 = Debug|Any CPU
		{C7FA5572-2F99-B103-FDE4-22AF7DCBEC19}.Release|Any CPU.ActiveCfg = Release|Any CPU
		{C7FA5572-2F99-B103-FDE4-22AF7DCBEC19}.Release|Any CPU.Build.0 = Release|Any CPU
	EndGlobalSection
	GlobalSection(SolutionProperties) = preSolution
		HideSolutionNode = FALSE
	EndGlobalSection
	GlobalSection(MonoDevelopProperties) = preSolution
		StartupItem = Assembly-CSharp.csproj
	EndGlobalSection
EndGlobal
